{
  "name": "de.hfu.svc.echarger",
  "version": "1.0.0",
  "lockfileVersion": 3,
  "requires": true,
  "packages": {
    "": {
      "name": "de.hfu.svc.echarger",
      "version": "1.0.0",
      "license": "ISC",
      "dependencies": {
        "@openui5/sap.m": "^1.127.0",
        "@openui5/sap.ui.core": "^1.127.0",
        "@openui5/sap.ui.layout": "^1.127.0"
      },
      "devDependencies": {
        "@types/openui5": "^1.127.0",
        "typescript": "^5.5.4"
      }
    },
    "node_modules/@openui5/sap.m": {
      "version": "1.127.0",
      "resolved": "https://registry.npmjs.org/@openui5/sap.m/-/sap.m-1.127.0.tgz",
      "integrity": "sha512-MV0HTYaaf/2viB26RBW5c//MF2kJK7Hl8eCwJuNEabhs5cJaOL2zy8LXtyxM9AZWxmRSABfyAkdazCkRMRalHg==",
      "dependencies": {
        "@openui5/sap.ui.core": "1.127.0",
        "@openui5/sap.ui.layout": "1.127.0",
        "@openui5/sap.ui.unified": "1.127.0"
      }
    },
    "node_modules/@openui5/sap.ui.core": {
      "version": "1.127.0",
      "resolved": "https://registry.npmjs.org/@openui5/sap.ui.core/-/sap.ui.core-1.127.0.tgz",
      "integrity": "sha512-T/YFbUH/TGqH2JJkqVZRV0CwweCzpzP29VY67IW4CEyr3JgThiy+WxNzqPtek6LWhXd5iFlCNxng+raEP6kFwg=="
    },
    "node_modules/@openui5/sap.ui.layout": {
      "version": "1.127.0",
      "resolved": "https://registry.npmjs.org/@openui5/sap.ui.layout/-/sap.ui.layout-1.127.0.tgz",
      "integrity": "sha512-zkcHDF/ed/z28EqH9XdUY7Gth0+cdyLTtq+78A/5qbiA9u7lnfDGXD4/f1Ns1+dkC1r+shHHKS9+YEpE9v1m+A==",
      "dependencies": {
        "@openui5/sap.ui.core": "1.127.0"
      }
    },
    "node_modules/@openui5/sap.ui.unified": {
      "version": "1.127.0",
      "resolved": "https://registry.npmjs.org/@openui5/sap.ui.unified/-/sap.ui.unified-1.127.0.tgz",
      "integrity": "sha512-jCFeFGouB7NF6XZIDGC5LG1vEebvIEBVwfogAp0Y0vBjT0itJ7uU3ZpzrhcDzKekSgSg3M6redB3T8Bmn7/ezQ==",
      "dependencies": {
        "@openui5/sap.ui.core": "1.127.0"
      }
    },
    "node_modules/@types/jquery": {
      "version": "3.5.30",
      "resolved": "https://registry.npmjs.org/@types/jquery/-/jquery-3.5.30.tgz",
      "integrity": "sha512-nbWKkkyb919DOUxjmRVk8vwtDb0/k8FKncmUKFi+NY+QXqWltooxTrswvz4LspQwxvLdvzBN1TImr6cw3aQx2A==",
      "dev": true,
      "dependencies": {
        "@types/sizzle": "*"
      }
    },
    "node_modules/@types/openui5": {
      "version": "1.127.0",
      "resolved": "https://registry.npmjs.org/@types/openui5/-/openui5-1.127.0.tgz",
      "integrity": "sha512-MIauyuHgaNnN7PDMZ71vS9XqpVlo0tXL6EaMhdmNjQTMblm6IJxlmOz0UX1BkdJwGKIA2rVE+2WGz6xn7ndJaQ==",
      "dev": true,
      "dependencies": {
        "@types/jquery": "~3.5.13",
        "@types/qunit": "^2.5.4"
      }
    },
    "node_modules/@types/qunit": {
      "version": "2.19.10",
      "resolved": "https://registry.npmjs.org/@types/qunit/-/qunit-2.19.10.tgz",
      "integrity": "sha512-gVB+rxvxmbyPFWa6yjjKgcumWal3hyqoTXI0Oil161uWfo1OCzWZ/rnEumsx+6uVgrwPrCrhpQbLkzfildkSbg==",
      "dev": true
    },
    "node_modules/@types/sizzle": {
      "version": "2.3.8",
      "resolved": "https://registry.npmjs.org/@types/sizzle/-/sizzle-2.3.8.tgz",
      "integrity": "sha512-0vWLNK2D5MT9dg0iOo8GlKguPAU02QjmZitPEsXRuJXU/OGIOt9vT9Fc26wtYuavLxtO45v9PGleoL9Z0k1LHg==",
      "dev": true
    },
    "node_modules/typescript": {
      "version": "5.5.4",
      "resolved": "https://registry.npmjs.org/typescript/-/typescript-5.5.4.tgz",
      "integrity": "sha512-Mtq29sKDAEYP7aljRgtPOpTvOfbwRWlS6dPRzwjdE+C0R4brX/GUyhHSecbHMFLNBLcJIPt9nl9yG5TZ1weH+Q==",
      "dev": true,
      "bin": {
        "tsc": "bin/tsc",
        "tsserver": "bin/tsserver"
      },
      "engines": {
        "node": ">=14.17"
      }
    }
  }
}
